// !$*UTF8*$!
{
	archiveVersion = 1;
	classes = {
	};
	objectVersion = 56;
	objects = {

/* Begin PBXBuildFile section */
		DF398AF52B434DE000F4F2DB /* SettingsView.swift in Sources */ = {isa = PBXBuildFile; fileRef = DF398AF42B434DE000F4F2DB /* SettingsView.swift */; };
		DF398AF72B434E0B00F4F2DB /* NotificationListView.swift in Sources */ = {isa = PBXBuildFile; fileRef = DF398AF62B434E0B00F4F2DB /* NotificationListView.swift */; };
		DF398AF92B44D08100F4F2DB /* BakeView.swift in Sources */ = {isa = PBXBuildFile; fileRef = DF398AF82B44D08100F4F2DB /* BakeView.swift */; };
		DF398AFB2B46244E00F4F2DB /* BufferView.swift in Sources */ = {isa = PBXBuildFile; fileRef = DF398AFA2B46244E00F4F2DB /* BufferView.swift */; };
		DFAE84122B3C8BC80055EFB1 /* BreadTimerApp.swift in Sources */ = {isa = PBXBuildFile; fileRef = DFAE84112B3C8BC80055EFB1 /* BreadTimerApp.swift */; };
		DFAE84142B3C8BC80055EFB1 /* ContentView.swift in Sources */ = {isa = PBXBuildFile; fileRef = DFAE84132B3C8BC80055EFB1 /* ContentView.swift */; };
		DFAE84162B3C8BCA0055EFB1 /* Assets.xcassets in Resources */ = {isa = PBXBuildFile; fileRef = DFAE84152B3C8BCA0055EFB1 /* Assets.xcassets */; };
		DFAE84192B3C8BCA0055EFB1 /* Preview Assets.xcassets in Resources */ = {isa = PBXBuildFile; fileRef = DFAE84182B3C8BCA0055EFB1 /* Preview Assets.xcassets */; };
		DFAE84232B3C8BCA0055EFB1 /* BreadTimerTests.swift in Sources */ = {isa = PBXBuildFile; fileRef = DFAE84222B3C8BCA0055EFB1 /* BreadTimerTests.swift */; };
		DFAE842D2B3C8BCA0055EFB1 /* BreadTimerUITests.swift in Sources */ = {isa = PBXBuildFile; fileRef = DFAE842C2B3C8BCA0055EFB1 /* BreadTimerUITests.swift */; };
		DFAE842F2B3C8BCA0055EFB1 /* BreadTimerUITestsLaunchTests.swift in Sources */ = {isa = PBXBuildFile; fileRef = DFAE842E2B3C8BCA0055EFB1 /* BreadTimerUITestsLaunchTests.swift */; };
		DFAE843E2B3C907D0055EFB1 /* NotificationHandler.swift in Sources */ = {isa = PBXBuildFile; fileRef = DFAE843D2B3C907D0055EFB1 /* NotificationHandler.swift */; };
		DFAE84402B3DFE950055EFB1 /* BreadOptionView.swift in Sources */ = {isa = PBXBuildFile; fileRef = DFAE843F2B3DFE950055EFB1 /* BreadOptionView.swift */; };
		DFAE84422B3E211E0055EFB1 /* EnumHelpers.swift in Sources */ = {isa = PBXBuildFile; fileRef = DFAE84412B3E211E0055EFB1 /* EnumHelpers.swift */; };
		DFAE84462B3F4F460055EFB1 /* BreadHandler.swift in Sources */ = {isa = PBXBuildFile; fileRef = DFAE84452B3F4F460055EFB1 /* BreadHandler.swift */; };
/* End PBXBuildFile section */

/* Begin PBXContainerItemProxy section */
		DFAE841F2B3C8BCA0055EFB1 /* PBXContainerItemProxy */ = {
			isa = PBXContainerItemProxy;
			containerPortal = DFAE84062B3C8BC80055EFB1 /* Project object */;
			proxyType = 1;
			remoteGlobalIDString = DFAE840D2B3C8BC80055EFB1;
			remoteInfo = BreadTimer;
		};
		DFAE84292B3C8BCA0055EFB1 /* PBXContainerItemProxy */ = {
			isa = PBXContainerItemProxy;
			containerPortal = DFAE84062B3C8BC80055EFB1 /* Project object */;
			proxyType = 1;
			remoteGlobalIDString = DFAE840D2B3C8BC80055EFB1;
			remoteInfo = BreadTimer;
		};
/* End PBXContainerItemProxy section */

/* Begin PBXFileReference section */
		DF398AF42B434DE000F4F2DB /* SettingsView.swift */ = {isa = PBXFileReference; lastKnownFileType = sourcecode.swift; path = SettingsView.swift; sourceTree = "<group>"; };
		DF398AF62B434E0B00F4F2DB /* NotificationListView.swift */ = {isa = PBXFileReference; lastKnownFileType = sourcecode.swift; path = NotificationListView.swift; sourceTree = "<group>"; };
		DF398AF82B44D08100F4F2DB /* BakeView.swift */ = {isa = PBXFileReference; fileEncoding = 4; lastKnownFileType = sourcecode.swift; path = BakeView.swift; sourceTree = "<group>"; };
		DF398AFA2B46244E00F4F2DB /* BufferView.swift */ = {isa = PBXFileReference; lastKnownFileType = sourcecode.swift; path = BufferView.swift; sourceTree = "<group>"; };
		DFAE840E2B3C8BC80055EFB1 /* BreadTimer.app */ = {isa = PBXFileReference; explicitFileType = wrapper.application; includeInIndex = 0; path = BreadTimer.app; sourceTree = BUILT_PRODUCTS_DIR; };
		DFAE84112B3C8BC80055EFB1 /* BreadTimerApp.swift */ = {isa = PBXFileReference; lastKnownFileType = sourcecode.swift; path = BreadTimerApp.swift; sourceTree = "<group>"; };
		DFAE84132B3C8BC80055EFB1 /* ContentView.swift */ = {isa = PBXFileReference; lastKnownFileType = sourcecode.swift; path = ContentView.swift; sourceTree = "<group>"; };
		DFAE84152B3C8BCA0055EFB1 /* Assets.xcassets */ = {isa = PBXFileReference; lastKnownFileType = folder.assetcatalog; path = Assets.xcassets; sourceTree = "<group>"; };
		DFAE84182B3C8BCA0055EFB1 /* Preview Assets.xcassets */ = {isa = PBXFileReference; lastKnownFileType = folder.assetcatalog; path = "Preview Assets.xcassets"; sourceTree = "<group>"; };
		DFAE841E2B3C8BCA0055EFB1 /* BreadTimerTests.xctest */ = {isa = PBXFileReference; explicitFileType = wrapper.cfbundle; includeInIndex = 0; path = BreadTimerTests.xctest; sourceTree = BUILT_PRODUCTS_DIR; };
		DFAE84222B3C8BCA0055EFB1 /* BreadTimerTests.swift */ = {isa = PBXFileReference; lastKnownFileType = sourcecode.swift; path = BreadTimerTests.swift; sourceTree = "<group>"; };
		DFAE84282B3C8BCA0055EFB1 /* BreadTimerUITests.xctest */ = {isa = PBXFileReference; explicitFileType = wrapper.cfbundle; includeInIndex = 0; path = BreadTimerUITests.xctest; sourceTree = BUILT_PRODUCTS_DIR; };
		DFAE842C2B3C8BCA0055EFB1 /* BreadTimerUITests.swift */ = {isa = PBXFileReference; lastKnownFileType = sourcecode.swift; path = BreadTimerUITests.swift; sourceTree = "<group>"; };
		DFAE842E2B3C8BCA0055EFB1 /* BreadTimerUITestsLaunchTests.swift */ = {isa = PBXFileReference; lastKnownFileType = sourcecode.swift; path = BreadTimerUITestsLaunchTests.swift; sourceTree = "<group>"; };
		DFAE843D2B3C907D0055EFB1 /* NotificationHandler.swift */ = {isa = PBXFileReference; lastKnownFileType = sourcecode.swift; path = NotificationHandler.swift; sourceTree = "<group>"; };
		DFAE843F2B3DFE950055EFB1 /* BreadOptionView.swift */ = {isa = PBXFileReference; lastKnownFileType = sourcecode.swift; path = BreadOptionView.swift; sourceTree = "<group>"; };
		DFAE84412B3E211E0055EFB1 /* EnumHelpers.swift */ = {isa = PBXFileReference; lastKnownFileType = sourcecode.swift; path = EnumHelpers.swift; sourceTree = "<group>"; };
		DFAE84452B3F4F460055EFB1 /* BreadHandler.swift */ = {isa = PBXFileReference; lastKnownFileType = sourcecode.swift; path = BreadHandler.swift; sourceTree = "<group>"; };
/* End PBXFileReference section */

/* Begin PBXFrameworksBuildPhase section */
		DFAE840B2B3C8BC80055EFB1 /* Frameworks */ = {
			isa = PBXFrameworksBuildPhase;
			buildActionMask = 2147483647;
			files = (
			);
			runOnlyForDeploymentPostprocessing = 0;
		};
		DFAE841B2B3C8BCA0055EFB1 /* Frameworks */ = {
			isa = PBXFrameworksBuildPhase;
			buildActionMask = 2147483647;
			files = (
			);
			runOnlyForDeploymentPostprocessing = 0;
		};
		DFAE84252B3C8BCA0055EFB1 /* Frameworks */ = {
			isa = PBXFrameworksBuildPhase;
			buildActionMask = 2147483647;
			files = (
			);
			runOnlyForDeploymentPostprocessing = 0;
		};
/* End PBXFrameworksBuildPhase section */

/* Begin PBXGroup section */
		DFAE84052B3C8BC80055EFB1 = {
			isa = PBXGroup;
			children = (
				DFAE84102B3C8BC80055EFB1 /* BreadTimer */,
				DFAE84212B3C8BCA0055EFB1 /* BreadTimerTests */,
				DFAE842B2B3C8BCA0055EFB1 /* BreadTimerUITests */,
				DFAE840F2B3C8BC80055EFB1 /* Products */,
			);
			sourceTree = "<group>";
		};
		DFAE840F2B3C8BC80055EFB1 /* Products */ = {
			isa = PBXGroup;
			children = (
				DFAE840E2B3C8BC80055EFB1 /* BreadTimer.app */,
				DFAE841E2B3C8BCA0055EFB1 /* BreadTimerTests.xctest */,
				DFAE84282B3C8BCA0055EFB1 /* BreadTimerUITests.xctest */,
			);
			name = Products;
			sourceTree = "<group>";
		};
		DFAE84102B3C8BC80055EFB1 /* BreadTimer */ = {
			isa = PBXGroup;
			children = (
				DFAE843C2B3C906D0055EFB1 /* Handlers */,
				DFAE843B2B3C90630055EFB1 /* Views */,
				DFAE84112B3C8BC80055EFB1 /* BreadTimerApp.swift */,
				DFAE84152B3C8BCA0055EFB1 /* Assets.xcassets */,
				DFAE84172B3C8BCA0055EFB1 /* Preview Content */,
				DFAE84412B3E211E0055EFB1 /* EnumHelpers.swift */,
			);
			path = BreadTimer;
			sourceTree = "<group>";
		};
		DFAE84172B3C8BCA0055EFB1 /* Preview Content */ = {
			isa = PBXGroup;
			children = (
				DFAE84182B3C8BCA0055EFB1 /* Preview Assets.xcassets */,
			);
			path = "Preview Content";
			sourceTree = "<group>";
		};
		DFAE84212B3C8BCA0055EFB1 /* BreadTimerTests */ = {
			isa = PBXGroup;
			children = (
				DFAE84222B3C8BCA0055EFB1 /* BreadTimerTests.swift */,
			);
			path = BreadTimerTests;
			sourceTree = "<group>";
		};
		DFAE842B2B3C8BCA0055EFB1 /* BreadTimerUITests */ = {
			isa = PBXGroup;
			children = (
				DFAE842C2B3C8BCA0055EFB1 /* BreadTimerUITests.swift */,
				DFAE842E2B3C8BCA0055EFB1 /* BreadTimerUITestsLaunchTests.swift */,
			);
			path = BreadTimerUITests;
			sourceTree = "<group>";
		};
		DFAE843B2B3C90630055EFB1 /* Views */ = {
			isa = PBXGroup;
			children = (
				DF398AF82B44D08100F4F2DB /* BakeView.swift */,
				DFAE84132B3C8BC80055EFB1 /* ContentView.swift */,
				DFAE843F2B3DFE950055EFB1 /* BreadOptionView.swift */,
				DF398AF42B434DE000F4F2DB /* SettingsView.swift */,
				DF398AF62B434E0B00F4F2DB /* NotificationListView.swift */,
				DF398AFA2B46244E00F4F2DB /* BufferView.swift */,
			);
			path = Views;
			sourceTree = "<group>";
		};
		DFAE843C2B3C906D0055EFB1 /* Handlers */ = {
			isa = PBXGroup;
			children = (
				DFAE843D2B3C907D0055EFB1 /* NotificationHandler.swift */,
				DFAE84452B3F4F460055EFB1 /* BreadHandler.swift */,
			);
			path = Handlers;
			sourceTree = "<group>";
		};
/* End PBXGroup section */

/* Begin PBXNativeTarget section */
		DFAE840D2B3C8BC80055EFB1 /* BreadTimer */ = {
			isa = PBXNativeTarget;
			buildConfigurationList = DFAE84322B3C8BCA0055EFB1 /* Build configuration list for PBXNativeTarget "BreadTimer" */;
			buildPhases = (
				DFAE840A2B3C8BC80055EFB1 /* Sources */,
				DFAE840B2B3C8BC80055EFB1 /* Frameworks */,
				DFAE840C2B3C8BC80055EFB1 /* Resources */,
			);
			buildRules = (
			);
			dependencies = (
			);
			name = BreadTimer;
			productName = BreadTimer;
			productReference = DFAE840E2B3C8BC80055EFB1 /* BreadTimer.app */;
			productType = "com.apple.product-type.application";
		};
		DFAE841D2B3C8BCA0055EFB1 /* BreadTimerTests */ = {
			isa = PBXNativeTarget;
			buildConfigurationList = DFAE84352B3C8BCA0055EFB1 /* Build configuration list for PBXNativeTarget "BreadTimerTests" */;
			buildPhases = (
				DFAE841A2B3C8BCA0055EFB1 /* Sources */,
				DFAE841B2B3C8BCA0055EFB1 /* Frameworks */,
				DFAE841C2B3C8BCA0055EFB1 /* Resources */,
			);
			buildRules = (
			);
			dependencies = (
				DFAE84202B3C8BCA0055EFB1 /* PBXTargetDependency */,
			);
			name = BreadTimerTests;
			productName = BreadTimerTests;
			productReference = DFAE841E2B3C8BCA0055EFB1 /* BreadTimerTests.xctest */;
			productType = "com.apple.product-type.bundle.unit-test";
		};
		DFAE84272B3C8BCA0055EFB1 /* BreadTimerUITests */ = {
			isa = PBXNativeTarget;
			buildConfigurationList = DFAE84382B3C8BCA0055EFB1 /* Build configuration list for PBXNativeTarget "BreadTimerUITests" */;
			buildPhases = (
				DFAE84242B3C8BCA0055EFB1 /* Sources */,
				DFAE84252B3C8BCA0055EFB1 /* Frameworks */,
				DFAE84262B3C8BCA0055EFB1 /* Resources */,
			);
			buildRules = (
			);
			dependencies = (
				DFAE842A2B3C8BCA0055EFB1 /* PBXTargetDependency */,
			);
			name = BreadTimerUITests;
			productName = BreadTimerUITests;
			productReference = DFAE84282B3C8BCA0055EFB1 /* BreadTimerUITests.xctest */;
			productType = "com.apple.product-type.bundle.ui-testing";
		};
/* End PBXNativeTarget section */

/* Begin PBXProject section */
		DFAE84062B3C8BC80055EFB1 /* Project object */ = {
			isa = PBXProject;
			attributes = {
				BuildIndependentTargetsInParallel = 1;
				LastSwiftUpdateCheck = 1510;
				LastUpgradeCheck = 1510;
				TargetAttributes = {
					DFAE840D2B3C8BC80055EFB1 = {
						CreatedOnToolsVersion = 15.1;
					};
					DFAE841D2B3C8BCA0055EFB1 = {
						CreatedOnToolsVersion = 15.1;
						TestTargetID = DFAE840D2B3C8BC80055EFB1;
					};
					DFAE84272B3C8BCA0055EFB1 = {
						CreatedOnToolsVersion = 15.1;
						TestTargetID = DFAE840D2B3C8BC80055EFB1;
					};
				};
			};
			buildConfigurationList = DFAE84092B3C8BC80055EFB1 /* Build configuration list for PBXProject "BreadTimer" */;
			compatibilityVersion = "Xcode 14.0";
			developmentRegion = en;
			hasScannedForEncodings = 0;
			knownRegions = (
				en,
				Base,
			);
			mainGroup = DFAE84052B3C8BC80055EFB1;
			productRefGroup = DFAE840F2B3C8BC80055EFB1 /* Products */;
			projectDirPath = "";
			projectRoot = "";
			targets = (
				DFAE840D2B3C8BC80055EFB1 /* BreadTimer */,
				DFAE841D2B3C8BCA0055EFB1 /* BreadTimerTests */,
				DFAE84272B3C8BCA0055EFB1 /* BreadTimerUITests */,
			);
		};
/* End PBXProject section */

/* Begin PBXResourcesBuildPhase section */
		DFAE840C2B3C8BC80055EFB1 /* Resources */ = {
			isa = PBXResourcesBuildPhase;
			buildActionMask = 2147483647;
			files = (
				DFAE84192B3C8BCA0055EFB1 /* Preview Assets.xcassets in Resources */,
				DFAE84162B3C8BCA0055EFB1 /* Assets.xcassets in Resources */,
			);
			runOnlyForDeploymentPostprocessing = 0;
		};
		DFAE841C2B3C8BCA0055EFB1 /* Resources */ = {
			isa = PBXResourcesBuildPhase;
			buildActionMask = 2147483647;
			files = (
			);
			runOnlyForDeploymentPostprocessing = 0;
		};
		DFAE84262B3C8BCA0055EFB1 /* Resources */ = {
			isa = PBXResourcesBuildPhase;
			buildActionMask = 2147483647;
			files = (
			);
			runOnlyForDeploymentPostprocessing = 0;
		};
/* End PBXResourcesBuildPhase section */

/* Begin PBXSourcesBuildPhase section */
		DFAE840A2B3C8BC80055EFB1 /* Sources */ = {
			isa = PBXSourcesBuildPhase;
			buildActionMask = 2147483647;
			files = (
				DFAE84422B3E211E0055EFB1 /* EnumHelpers.swift in Sources */,
				DF398AF52B434DE000F4F2DB /* SettingsView.swift in Sources */,
				DF398AFB2B46244E00F4F2DB /* BufferView.swift in Sources */,
				DFAE84462B3F4F460055EFB1 /* BreadHandler.swift in Sources */,
				DFAE84142B3C8BC80055EFB1 /* ContentView.swift in Sources */,
				DF398AF72B434E0B00F4F2DB /* NotificationListView.swift in Sources */,
				DFAE843E2B3C907D0055EFB1 /* NotificationHandler.swift in Sources */,
				DFAE84402B3DFE950055EFB1 /* BreadOptionView.swift in Sources */,
				DFAE84122B3C8BC80055EFB1 /* BreadTimerApp.swift in Sources */,
				DF398AF92B44D08100F4F2DB /* BakeView.swift in Sources */,
			);
			runOnlyForDeploymentPostprocessing = 0;
		};
		DFAE841A2B3C8BCA0055EFB1 /* Sources */ = {
			isa = PBXSourcesBuildPhase;
			buildActionMask = 2147483647;
			files = (
				DFAE84232B3C8BCA0055EFB1 /* BreadTimerTests.swift in Sources */,
			);
			runOnlyForDeploymentPostprocessing = 0;
		};
		DFAE84242B3C8BCA0055EFB1 /* Sources */ = {
			isa = PBXSourcesBuildPhase;
			buildActionMask = 2147483647;
			files = (
				DFAE842D2B3C8BCA0055EFB1 /* BreadTimerUITests.swift in Sources */,
				DFAE842F2B3C8BCA0055EFB1 /* BreadTimerUITestsLaunchTests.swift in Sources */,
			);
			runOnlyForDeploymentPostprocessing = 0;
		};
/* End PBXSourcesBuildPhase section */

/* Begin PBXTargetDependency section */
		DFAE84202B3C8BCA0055EFB1 /* PBXTargetDependency */ = {
			isa = PBXTargetDependency;
			target = DFAE840D2B3C8BC80055EFB1 /* BreadTimer */;
			targetProxy = DFAE841F2B3C8BCA0055EFB1 /* PBXContainerItemProxy */;
		};
		DFAE842A2B3C8BCA0055EFB1 /* PBXTargetDependency */ = {
			isa = PBXTargetDependency;
			target = DFAE840D2B3C8BC80055EFB1 /* BreadTimer */;
			targetProxy = DFAE84292B3C8BCA0055EFB1 /* PBXContainerItemProxy */;
		};
/* End PBXTargetDependency section */

/* Begin XCBuildConfiguration section */
		DFAE84302B3C8BCA0055EFB1 /* Debug */ = {
			isa = XCBuildConfiguration;
			buildSettings = {
				ALWAYS_SEARCH_USER_PATHS = NO;
				ASSETCATALOG_COMPILER_GENERATE_SWIFT_ASSET_SYMBOL_EXTENSIONS = YES;
				CLANG_ANALYZER_NONNULL = YES;
				CLANG_ANALYZER_NUMBER_OBJECT_CONVERSION = YES_AGGRESSIVE;
				CLANG_CXX_LANGUAGE_STANDARD = "gnu++20";
				CLANG_ENABLE_MODULES = YES;
				CLANG_ENABLE_OBJC_ARC = YES;
				CLANG_ENABLE_OBJC_WEAK = YES;
				CLANG_WARN_BLOCK_CAPTURE_AUTORELEASING = YES;
				CLANG_WARN_BOOL_CONVERSION = YES;
				CLANG_WARN_COMMA = YES;
				CLANG_WARN_CONSTANT_CONVERSION = YES;
				CLANG_WARN_DEPRECATED_OBJC_IMPLEMENTATIONS = YES;
				CLANG_WARN_DIRECT_OBJC_ISA_USAGE = YES_ERROR;
				CLANG_WARN_DOCUMENTATION_COMMENTS = YES;
				CLANG_WARN_EMPTY_BODY = YES;
				CLANG_WARN_ENUM_CONVERSION = YES;
				CLANG_WARN_INFINITE_RECURSION = YES;
				CLANG_WARN_INT_CONVERSION = YES;
				CLANG_WARN_NON_LITERAL_NULL_CONVERSION = YES;
				CLANG_WARN_OBJC_IMPLICIT_RETAIN_SELF = YES;
				CLANG_WARN_OBJC_LITERAL_CONVERSION = YES;
				CLANG_WARN_OBJC_ROOT_CLASS = YES_ERROR;
				CLANG_WARN_QUOTED_INCLUDE_IN_FRAMEWORK_HEADER = YES;
				CLANG_WARN_RANGE_LOOP_ANALYSIS = YES;
				CLANG_WARN_STRICT_PROTOTYPES = YES;
				CLANG_WARN_SUSPICIOUS_MOVE = YES;
				CLANG_WARN_UNGUARDED_AVAILABILITY = YES_AGGRESSIVE;
				CLANG_WARN_UNREACHABLE_CODE = YES;
				CLANG_WARN__DUPLICATE_METHOD_MATCH = YES;
				COPY_PHASE_STRIP = NO;
				DEBUG_INFORMATION_FORMAT = dwarf;
				ENABLE_STRICT_OBJC_MSGSEND = YES;
				ENABLE_TESTABILITY = YES;
				ENABLE_USER_SCRIPT_SANDBOXING = YES;
				GCC_C_LANGUAGE_STANDARD = gnu17;
				GCC_DYNAMIC_NO_PIC = NO;
				GCC_NO_COMMON_BLOCKS = YES;
				GCC_OPTIMIZATION_LEVEL = 0;
				GCC_PREPROCESSOR_DEFINITIONS = (
					"DEBUG=1",
					"$(inherited)",
				);
				GCC_WARN_64_TO_32_BIT_CONVERSION = YES;
				GCC_WARN_ABOUT_RETURN_TYPE = YES_ERROR;
				GCC_WARN_UNDECLARED_SELECTOR = YES;
				GCC_WARN_UNINITIALIZED_AUTOS = YES_AGGRESSIVE;
				GCC_WARN_UNUSED_FUNCTION = YES;
				GCC_WARN_UNUSED_VARIABLE = YES;
				IPHONEOS_DEPLOYMENT_TARGET = 17.2;
				LOCALIZATION_PREFERS_STRING_CATALOGS = YES;
				MTL_ENABLE_DEBUG_INFO = INCLUDE_SOURCE;
				MTL_FAST_MATH = YES;
				ONLY_ACTIVE_ARCH = YES;
				SDKROOT = iphoneos;
				SWIFT_ACTIVE_COMPILATION_CONDITIONS = "DEBUG $(inherited)";
				SWIFT_OPTIMIZATION_LEVEL = "-Onone";
			};
			name = Debug;
		};
		DFAE84312B3C8BCA0055EFB1 /* Release */ = {
			isa = XCBuildConfiguration;
			buildSettings = {
				ALWAYS_SEARCH_USER_PATHS = NO;
				ASSETCATALOG_COMPILER_GENERATE_SWIFT_ASSET_SYMBOL_EXTENSIONS = YES;
				CLANG_ANALYZER_NONNULL = YES;
				CLANG_ANALYZER_NUMBER_OBJECT_CONVERSION = YES_AGGRESSIVE;
				CLANG_CXX_LANGUAGE_STANDARD = "gnu++20";
				CLANG_ENABLE_MODULES = YES;
				CLANG_ENABLE_OBJC_ARC = YES;
				CLANG_ENABLE_OBJC_WEAK = YES;
				CLANG_WARN_BLOCK_CAPTURE_AUTORELEASING = YES;
				CLANG_WARN_BOOL_CONVERSION = YES;
				CLANG_WARN_COMMA = YES;
				CLANG_WARN_CONSTANT_CONVERSION = YES;
				CLANG_WARN_DEPRECATED_OBJC_IMPLEMENTATIONS = YES;
				CLANG_WARN_DIRECT_OBJC_ISA_USAGE = YES_ERROR;
				CLANG_WARN_DOCUMENTATION_COMMENTS = YES;
				CLANG_WARN_EMPTY_BODY = YES;
				CLANG_WARN_ENUM_CONVERSION = YES;
				CLANG_WARN_INFINITE_RECURSION = YES;
				CLANG_WARN_INT_CONVERSION = YES;
				CLANG_WARN_NON_LITERAL_NULL_CONVERSION = YES;
				CLANG_WARN_OBJC_IMPLICIT_RETAIN_SELF = YES;
				CLANG_WARN_OBJC_LITERAL_CONVERSION = YES;
				CLANG_WARN_OBJC_ROOT_CLASS = YES_ERROR;
				CLANG_WARN_QUOTED_INCLUDE_IN_FRAMEWORK_HEADER = YES;
				CLANG_WARN_RANGE_LOOP_ANALYSIS = YES;
				CLANG_WARN_STRICT_PROTOTYPES = YES;
				CLANG_WARN_SUSPICIOUS_MOVE = YES;
				CLANG_WARN_UNGUARDED_AVAILABILITY = YES_AGGRESSIVE;
				CLANG_WARN_UNREACHABLE_CODE = YES;
				CLANG_WARN__DUPLICATE_METHOD_MATCH = YES;
				COPY_PHASE_STRIP = NO;
				DEBUG_INFORMATION_FORMAT = "dwarf-with-dsym";
				ENABLE_NS_ASSERTIONS = NO;
				ENABLE_STRICT_OBJC_MSGSEND = YES;
				ENABLE_USER_SCRIPT_SANDBOXING = YES;
				GCC_C_LANGUAGE_STANDARD = gnu17;
				GCC_NO_COMMON_BLOCKS = YES;
				GCC_WARN_64_TO_32_BIT_CONVERSION = YES;
				GCC_WARN_ABOUT_RETURN_TYPE = YES_ERROR;
				GCC_WARN_UNDECLARED_SELECTOR = YES;
				GCC_WARN_UNINITIALIZED_AUTOS = YES_AGGRESSIVE;
				GCC_WARN_UNUSED_FUNCTION = YES;
				GCC_WARN_UNUSED_VARIABLE = YES;
				IPHONEOS_DEPLOYMENT_TARGET = 17.2;
				LOCALIZATION_PREFERS_STRING_CATALOGS = YES;
				MTL_ENABLE_DEBUG_INFO = NO;
				MTL_FAST_MATH = YES;
				SDKROOT = iphoneos;
				SWIFT_COMPILATION_MODE = wholemodule;
				VALIDATE_PRODUCT = YES;
			};
			name = Release;
		};
		DFAE84332B3C8BCA0055EFB1 /* Debug */ = {
			isa = XCBuildConfiguration;
			buildSettings = {
				ASSETCATALOG_COMPILER_APPICON_NAME = AppIcon;
				ASSETCATALOG_COMPILER_GLOBAL_ACCENT_COLOR_NAME = AccentColor;
				ASSETCATALOG_COMPILER_INCLUDE_ALL_APPICON_ASSETS = NO;
				CODE_SIGN_IDENTITY = "Apple Development";
				CODE_SIGN_STYLE = Automatic;
				CURRENT_PROJECT_VERSION = 1;
				DEVELOPMENT_ASSET_PATHS = "\"BreadTimer/Preview Content\"";
				DEVELOPMENT_TEAM = YKV38YC96B;
				ENABLE_PREVIEWS = YES;
				GENERATE_INFOPLIST_FILE = YES;
				INFOPLIST_KEY_UIApplicationSceneManifest_Generation = YES;
				INFOPLIST_KEY_UIApplicationSupportsIndirectInputEvents = YES;
				INFOPLIST_KEY_UILaunchScreen_Generation = YES;
				INFOPLIST_KEY_UISupportedInterfaceOrientations_iPad = "UIInterfaceOrientationPortrait UIInterfaceOrientationPortraitUpsideDown UIInterfaceOrientationLandscapeLeft UIInterfaceOrientationLandscapeRight";
				INFOPLIST_KEY_UISupportedInterfaceOrientations_iPhone = "UIInterfaceOrientationPortrait UIInterfaceOrientationLandscapeLeft UIInterfaceOrientationLandscapeRight";
				IPHONEOS_DEPLOYMENT_TARGET = 17.1;
				LD_RUNPATH_SEARCH_PATHS = (
					"$(inherited)",
					"@executable_path/Frameworks",
				);
				MARKETING_VERSION = 1.0;
				PRODUCT_BUNDLE_IDENTIFIER = JonDoucette.BreadTimer;
				PRODUCT_NAME = "$(TARGET_NAME)";
				PROVISIONING_PROFILE_SPECIFIER = "";
				SWIFT_EMIT_LOC_STRINGS = YES;
				SWIFT_VERSION = 5.0;
				TARGETED_DEVICE_FAMILY = "1,2";
			};
			name = Debug;
		};
		DFAE84342B3C8BCA0055EFB1 /* Release */ = {
			isa = XCBuildConfiguration;
			buildSettings = {
				ASSETCATALOG_COMPILER_APPICON_NAME = AppIcon;
				ASSETCATALOG_COMPILER_GLOBAL_ACCENT_COLOR_NAME = AccentColor;
				ASSETCATALOG_COMPILER_INCLUDE_ALL_APPICON_ASSETS = NO;
				CODE_SIGN_IDENTITY = "Apple Development";
				CODE_SIGN_STYLE = Automatic;
				CURRENT_PROJECT_VERSION = 1;
				DEVELOPMENT_ASSET_PATHS = "\"BreadTimer/Preview Content\"";
				DEVELOPMENT_TEAM = YKV38YC96B;
				ENABLE_PREVIEWS = YES;
				GENERATE_INFOPLIST_FILE = YES;
				INFOPLIST_KEY_UIApplicationSceneManifest_Generation = YES;
				INFOPLIST_KEY_UIApplicationSupportsIndirectInputEvents = YES;
				INFOPLIST_KEY_UILaunchScreen_Generation = YES;
				INFOPLIST_KEY_UISupportedInterfaceOrientations_iPad = "UIInterfaceOrientationPortrait UIInterfaceOrientationPortraitUpsideDown UIInterfaceOrientationLandscapeLeft UIInterfaceOrientationLandscapeRight";
				INFOPLIST_KEY_UISupportedInterfaceOrientations_iPhone = "UIInterfaceOrientationPortrait UIInterfaceOrientationLandscapeLeft UIInterfaceOrientationLandscapeRight";
				IPHONEOS_DEPLOYMENT_TARGET = 17.1;
				LD_RUNPATH_SEARCH_PATHS = (
					"$(inherited)",
					"@executable_path/Frameworks",
				);
				MARKETING_VERSION = 1.0;
				PRODUCT_BUNDLE_IDENTIFIER = JonDoucette.BreadTimer;
				PRODUCT_NAME = "$(TARGET_NAME)";
				PROVISIONING_PROFILE_SPECIFIER = "";
				SWIFT_EMIT_LOC_STRINGS = YES;
				SWIFT_VERSION = 5.0;
				TARGETED_DEVICE_FAMILY = "1,2";
			};
			name = Release;
		};
		DFAE84362B3C8BCA0055EFB1 /* Debug */ = {
			isa = XCBuildConfiguration;
			buildSettings = {
				ALWAYS_EMBED_SWIFT_STANDARD_LIBRARIES = YES;
				BUNDLE_LOADER = "$(TEST_HOST)";
				CODE_SIGN_STYLE = Automatic;
				CURRENT_PROJECT_VERSION = 1;
				GENERATE_INFOPLIST_FILE = YES;
				IPHONEOS_DEPLOYMENT_TARGET = 17.2;
				MARKETING_VERSION = 1.0;
				PRODUCT_BUNDLE_IDENTIFIER = JonDoucette.BreadTimerTests;
				PRODUCT_NAME = "$(TARGET_NAME)";
				SWIFT_EMIT_LOC_STRINGS = NO;
				SWIFT_VERSION = 5.0;
				TARGETED_DEVICE_FAMILY = "1,2";
				TEST_HOST = "$(BUILT_PRODUCTS_DIR)/BreadTimer.app/$(BUNDLE_EXECUTABLE_FOLDER_PATH)/BreadTimer";
			};
			name = Debug;
		};
		DFAE84372B3C8BCA0055EFB1 /* Release */ = {
			isa = XCBuildConfiguration;
			buildSettings = {
				ALWAYS_EMBED_SWIFT_STANDARD_LIBRARIES = YES;
				BUNDLE_LOADER = "$(TEST_HOST)";
				CODE_SIGN_STYLE = Automatic;
				CURRENT_PROJECT_VERSION = 1;
				GENERATE_INFOPLIST_FILE = YES;
				IPHONEOS_DEPLOYMENT_TARGET = 17.2;
				MARKETING_VERSION = 1.0;
				PRODUCT_BUNDLE_IDENTIFIER = JonDoucette.BreadTimerTests;
				PRODUCT_NAME = "$(TARGET_NAME)";
				SWIFT_EMIT_LOC_STRINGS = NO;
				SWIFT_VERSION = 5.0;
				TARGETED_DEVICE_FAMILY = "1,2";
				TEST_HOST = "$(BUILT_PRODUCTS_DIR)/BreadTimer.app/$(BUNDLE_EXECUTABLE_FOLDER_PATH)/BreadTimer";
			};
			name = Release;
		};
		DFAE84392B3C8BCA0055EFB1 /* Debug */ = {
			isa = XCBuildConfiguration;
			buildSettings = {
				ALWAYS_EMBED_SWIFT_STANDARD_LIBRARIES = YES;
				CODE_SIGN_STYLE = Automatic;
				CURRENT_PROJECT_VERSION = 1;
				GENERATE_INFOPLIST_FILE = YES;
				MARKETING_VERSION = 1.0;
				PRODUCT_BUNDLE_IDENTIFIER = JonDoucette.BreadTimerUITests;
				PRODUCT_NAME = "$(TARGET_NAME)";
				SWIFT_EMIT_LOC_STRINGS = NO;
				SWIFT_VERSION = 5.0;
				TARGETED_DEVICE_FAMILY = "1,2";
				TEST_TARGET_NAME = BreadTimer;
			};
			name = Debug;
		};
		DFAE843A2B3C8BCA0055EFB1 /* Release */ = {
			isa = XCBuildConfiguration;
			buildSettings = {
				ALWAYS_EMBED_SWIFT_STANDARD_LIBRARIES = YES;
				CODE_SIGN_STYLE = Automatic;
				CURRENT_PROJECT_VERSION = 1;
				GENERATE_INFOPLIST_FILE = YES;
				MARKETING_VERSION = 1.0;
				PRODUCT_BUNDLE_IDENTIFIER = JonDoucette.BreadTimerUITests;
				PRODUCT_NAME = "$(TARGET_NAME)";
				SWIFT_EMIT_LOC_STRINGS = NO;
				SWIFT_VERSION = 5.0;
				TARGETED_DEVICE_FAMILY = "1,2";
				TEST_TARGET_NAME = BreadTimer;
			};
			name = Release;
		};
/* End XCBuildConfiguration section */

/* Begin XCConfigurationList section */
		DFAE84092B3C8BC80055EFB1 /* Build configuration list for PBXProject "BreadTimer" */ = {
			isa = XCConfigurationList;
			buildConfigurations = (
				DFAE84302B3C8BCA0055EFB1 /* Debug */,
				DFAE84312B3C8BCA0055EFB1 /* Release */,
			);
			defaultConfigurationIsVisible = 0;
			defaultConfigurationName = Release;
		};
		DFAE84322B3C8BCA0055EFB1 /* Build configuration list for PBXNativeTarget "BreadTimer" */ = {
			isa = XCConfigurationList;
			buildConfigurations = (
				DFAE84332B3C8BCA0055EFB1 /* Debug */,
				DFAE84342B3C8BCA0055EFB1 /* Release */,
			);
			defaultConfigurationIsVisible = 0;
			defaultConfigurationName = Release;
		};
		DFAE84352B3C8BCA0055EFB1 /* Build configuration list for PBXNativeTarget "BreadTimerTests" */ = {
			isa = XCConfigurationList;
			buildConfigurations = (
				DFAE84362B3C8BCA0055EFB1 /* Debug */,
				DFAE84372B3C8BCA0055EFB1 /* Release */,
			);
			defaultConfigurationIsVisible = 0;
			defaultConfigurationName = Release;
		};
		DFAE84382B3C8BCA0055EFB1 /* Build configuration list for PBXNativeTarget "BreadTimerUITests" */ = {
			isa = XCConfigurationList;
			buildConfigurations = (
				DFAE84392B3C8BCA0055EFB1 /* Debug */,
				DFAE843A2B3C8BCA0055EFB1 /* Release */,
			);
			defaultConfigurationIsVisible = 0;
			defaultConfigurationName = Release;
		};
/* End XCConfigurationList section */
	};
	rootObject = DFAE84062B3C8BC80055EFB1 /* Project object */;
}
